// !$*UTF8*$!
{
	archiveVersion = 1;
	classes = {
	};
	objectVersion = 46;
	objects = {

/* Begin PBXFileReference section */
		27E051221EC1F0A40055229C /* .DS_Store */ = {isa = PBXFileReference; lastKnownFileType = file; path = .DS_Store; sourceTree = "<group>"; };
		27E051231EC1F0A40055229C /* .git */ = {isa = PBXFileReference; lastKnownFileType = folder; path = .git; sourceTree = "<group>"; };
		27E051241EC1F0A40055229C /* .gitignore */ = {isa = PBXFileReference; lastKnownFileType = text; path = .gitignore; sourceTree = "<group>"; };
		27E051251EC1F0A40055229C /* .gitmodules */ = {isa = PBXFileReference; lastKnownFileType = text; path = .gitmodules; sourceTree = "<group>"; };
		27E051261EC1F0A40055229C /* ARCHES */ = {isa = PBXFileReference; lastKnownFileType = text; path = ARCHES; sourceTree = "<group>"; };
		27E051271EC1F0A40055229C /* build */ = {isa = PBXFileReference; lastKnownFileType = folder; path = build; sourceTree = "<group>"; };
		27E051281EC1F0A40055229C /* deps */ = {isa = PBXFileReference; lastKnownFileType = folder; path = deps; sourceTree = "<group>"; };
		27E051291EC1F0A40055229C /* doc */ = {isa = PBXFileReference; lastKnownFileType = folder; path = doc; sourceTree = "<group>"; };
		27E0512A1EC1F0A40055229C /* docker */ = {isa = PBXFileReference; lastKnownFileType = folder; path = docker; sourceTree = "<group>"; };
		27E0512B1EC1F0A40055229C /* Gemfile */ = {isa = PBXFileReference; lastKnownFileType = text; path = Gemfile; sourceTree = "<group>"; };
		27E0512C1EC1F0A40055229C /* lib */ = {isa = PBXFileReference; lastKnownFileType = folder; path = lib; sourceTree = "<group>"; };
		27E0512D1EC1F0A40055229C /* make */ = {isa = PBXFileReference; lastKnownFileType = folder; path = make; sourceTree = "<group>"; };
		27E0512E1EC1F0A40055229C /* make-all */ = {isa = PBXFileReference; lastKnownFileType = text.script.sh; path = "make-all"; sourceTree = "<group>"; };
		27E0512F1EC1F0A40055229C /* Makefile */ = {isa = PBXFileReference; lastKnownFileType = sourcecode.make; path = Makefile; sourceTree = "<group>"; };
		27E051301EC1F0A40055229C /* metasploit_payloads-mettle.gemspec */ = {isa = PBXFileReference; lastKnownFileType = text; path = "metasploit_payloads-mettle.gemspec"; sourceTree = "<group>"; };
		27E051311EC1F0A40055229C /* mettle */ = {isa = PBXFileReference; lastKnownFileType = folder; path = mettle; sourceTree = "<group>"; };
		27E051331EC1F0A40055229C /* Rakefile */ = {isa = PBXFileReference; lastKnownFileType = text; path = Rakefile; sourceTree = "<group>"; };
		27E051341EC1F0A40055229C /* README.md */ = {isa = PBXFileReference; lastKnownFileType = net.daringfireball.markdown; path = README.md; sourceTree = "<group>"; };
		27E051351EC1F0A40055229C /* util */ = {isa = PBXFileReference; lastKnownFileType = folder; path = util; sourceTree = "<group>"; };
/* End PBXFileReference section */

/* Begin PBXGroup section */
		27E0511C1EC1F0A40055229C = {
			isa = PBXGroup;
			children = (
				27E051221EC1F0A40055229C /* .DS_Store */,
				27E051231EC1F0A40055229C /* .git */,
				27E051241EC1F0A40055229C /* .gitignore */,
				27E051251EC1F0A40055229C /* .gitmodules */,
				27E051261EC1F0A40055229C /* ARCHES */,
				27E051271EC1F0A40055229C /* build */,
				27E051281EC1F0A40055229C /* deps */,
				27E051291EC1F0A40055229C /* doc */,
				27E0512A1EC1F0A40055229C /* docker */,
				27E0512B1EC1F0A40055229C /* Gemfile */,
				27E0512C1EC1F0A40055229C /* lib */,
				27E0512D1EC1F0A40055229C /* make */,
				27E0512E1EC1F0A40055229C /* make-all */,
				27E0512F1EC1F0A40055229C /* Makefile */,
				27E051301EC1F0A40055229C /* metasploit_payloads-mettle.gemspec */,
				27E051311EC1F0A40055229C /* mettle */,
				27E051331EC1F0A40055229C /* Rakefile */,
				27E051341EC1F0A40055229C /* README.md */,
				27E051351EC1F0A40055229C /* util */,
			);
			sourceTree = "<group>";
		};
/* End PBXGroup section */

/* Begin PBXLegacyTarget section */
		27E051211EC1F0A40055229C /* mettle */ = {
			isa = PBXLegacyTarget;
			buildArgumentsString = "$(ACTION)";
			buildConfigurationList = 27E051361EC1F0A40055229C /* Build configuration list for PBXLegacyTarget "mettle" */;
			buildPhases = (
			);
			buildToolPath = /usr/bin/make;
			buildWorkingDirectory = /Users/dmohanty/rapid7/mettle;
			dependencies = (
			);
			name = mettle;
			passBuildSettingsInEnvironment = 1;
			productName = mettle;
		};
/* End PBXLegacyTarget section */

/* Begin PBXProject section */
		27E0511D1EC1F0A40055229C /* Project object */ = {
			isa = PBXProject;
			attributes = {
				LastUpgradeCheck = 0830;
			};
			buildConfigurationList = 27E051201EC1F0A40055229C /* Build configuration list for PBXProject "mettle" */;
			compatibilityVersion = "Xcode 3.2";
			developmentRegion = English;
			hasScannedForEncodings = 0;
			knownRegions = (
				en,
			);
			mainGroup = 27E0511C1EC1F0A40055229C;
			projectDirPath = "";
			projectRoot = "";
			targets = (
				27E051211EC1F0A40055229C /* mettle */,
			);
		};
/* End PBXProject section */

/* Begin XCBuildConfiguration section */
		27E0511E1EC1F0A40055229C /* Debug */ = {
			isa = XCBuildConfiguration;
			buildSettings = {
				CLANG_WARN_BOOL_CONVERSION = YES;
				CLANG_WARN_CONSTANT_CONVERSION = YES;
				CLANG_WARN_EMPTY_BODY = YES;
				CLANG_WARN_ENUM_CONVERSION = YES;
				CLANG_WARN_INFINITE_RECURSION = YES;
				CLANG_WARN_INT_CONVERSION = YES;
				CLANG_WARN_SUSPICIOUS_MOVE = YES;
				CLANG_WARN_UNREACHABLE_CODE = YES;
				CLANG_WARN__DUPLICATE_METHOD_MATCH = YES;
				COPY_PHASE_STRIP = NO;
				ENABLE_STRICT_OBJC_MSGSEND = YES;
				ENABLE_TESTABILITY = YES;
				GCC_NO_COMMON_BLOCKS = YES;
				GCC_WARN_64_TO_32_BIT_CONVERSION = YES;
				GCC_WARN_ABOUT_RETURN_TYPE = YES;
				GCC_WARN_UNDECLARED_SELECTOR = YES;
				GCC_WARN_UNINITIALIZED_AUTOS = YES;
				GCC_WARN_UNUSED_FUNCTION = YES;
				GCC_WARN_UNUSED_VARIABLE = YES;
				ONLY_ACTIVE_ARCH = YES;
				SDKROOT = macosx;
			};
			name = Debug;
		};
		27E0511F1EC1F0A40055229C /* Release */ = {
			isa = XCBuildConfiguration;
			buildSettings = {
				CLANG_WARN_BOOL_CONVERSION = YES;
				CLANG_WARN_CONSTANT_CONVERSION = YES;
				CLANG_WARN_EMPTY_BODY = YES;
				CLANG_WARN_ENUM_CONVERSION = YES;
				CLANG_WARN_INFINITE_RECURSION = YES;
				CLANG_WARN_INT_CONVERSION = YES;
				CLANG_WARN_SUSPICIOUS_MOVE = YES;
				CLANG_WARN_UNREACHABLE_CODE = YES;
				CLANG_WARN__DUPLICATE_METHOD_MATCH = YES;
				COPY_PHASE_STRIP = YES;
				ENABLE_STRICT_OBJC_MSGSEND = YES;
				GCC_NO_COMMON_BLOCKS = YES;
				GCC_WARN_64_TO_32_BIT_CONVERSION = YES;
				GCC_WARN_ABOUT_RETURN_TYPE = YES;
				GCC_WARN_UNDECLARED_SELECTOR = YES;
				GCC_WARN_UNINITIALIZED_AUTOS = YES;
				GCC_WARN_UNUSED_FUNCTION = YES;
				GCC_WARN_UNUSED_VARIABLE = YES;
				SDKROOT = macosx;
			};
			name = Release;
		};
		27E051371EC1F0A40055229C /* Debug */ = {
			isa = XCBuildConfiguration;
			buildSettings = {
				COPY_PHASE_STRIP = NO;
				DEBUGGING_SYMBOLS = YES;
				GCC_DYNAMIC_NO_PIC = NO;
				GCC_GENERATE_DEBUGGING_SYMBOLS = YES;
				GCC_OPTIMIZATION_LEVEL = 0;
				OTHER_CFLAGS = "";
				OTHER_LDFLAGS = "";
				PRODUCT_NAME = mettle;
			};
			name = Debug;
		};
		27E051381EC1F0A40055229C /* Release */ = {
			isa = XCBuildConfiguration;
			buildSettings = {
				COPY_PHASE_STRIP = YES;
				DEBUG_INFORMATION_FORMAT = "dwarf-with-dsym";
				OTHER_CFLAGS = "";
				OTHER_LDFLAGS = "";
				PRODUCT_NAME = mettle;
			};
			name = Release;
		};
/* End XCBuildConfiguration section */

/* Begin XCConfigurationList section */
		27E051201EC1F0A40055229C /* Build configuration list for PBXProject "mettle" */ = {
			isa = XCConfigurationList;
			buildConfigurations = (
				27E0511E1EC1F0A40055229C /* Debug */,
				27E0511F1EC1F0A40055229C /* Release */,
			);
			defaultConfigurationIsVisible = 0;
			defaultConfigurationName = Release;
		};
		27E051361EC1F0A40055229C /* Build configuration list for PBXLegacyTarget "mettle" */ = {
			isa = XCConfigurationList;
			buildConfigurations = (
				27E051371EC1F0A40055229C /* Debug */,
				27E051381EC1F0A40055229C /* Release */,
			);
			defaultConfigurationIsVisible = 0;
			defaultConfigurationName = Release;
		};
/* End XCConfigurationList section */
	};
	rootObject = 27E0511D1EC1F0A40055229C /* Project object */;
}
